
Microsoft Visual Studio Solution File, Format Version 12.00
Project("{FAE04EC0-301F-11D3-BF4B-00C04F79EFBC}") = "VPUploader.Core", "VPUploader.Core\VPUploader.Core.csproj", "{099ED550-0330-47A3-B399-CC99A94EA961}"
EndProject
Project("{FAE04EC0-301F-11D3-BF4B-00C04F79EFBC}") = "VPUploader.Core.Tests", "VPUploader.Core.Tests\VPUploader.Core.Tests.csproj", "{514C3AFB-3753-4EB7-B7D4-6E45E85CC9E9}"
EndProject
Project("{FAE04EC0-301F-11D3-BF4B-00C04F79EFBC}") = "VPUploader.App", "VPUploader.App\VPUploader.App.csproj", "{467329F8-5566-4E6C-9C3E-8873726164A2}"
EndProject
Global
	GlobalSection(SolutionConfigurationPlatforms) = preSolution
		Debug|Any CPU = Debug|Any CPU
		Release|Any CPU = Release|Any CPU
	EndGlobalSection
	GlobalSection(ProjectConfigurationPlatforms) = postSolution
		{099ED550-0330-47A3-B399-CC99A94EA961}.Debug|Any CPU.ActiveCfg = Debug|Any CPU
		{099ED550-0330-47A3-B399-CC99A94EA961}.Debug|Any CPU.Build.0 = Debug|Any CPU
		{099ED550-0330-47A3-B399-CC99A94EA961}.Release|Any CPU.ActiveCfg = Release|Any CPU
		{099ED550-0330-47A3-B399-CC99A94EA961}.Release|Any CPU.Build.0 = Release|Any CPU
		{514C3AFB-3753-4EB7-B7D4-6E45E85CC9E9}.Debug|Any CPU.ActiveCfg = Debug|Any CPU
		{514C3AFB-3753-4EB7-B7D4-6E45E85CC9E9}.Debug|Any CPU.Build.0 = Debug|Any CPU
		{514C3AFB-3753-4EB7-B7D4-6E45E85CC9E9}.Release|Any CPU.ActiveCfg = Release|Any CPU
		{514C3AFB-3753-4EB7-B7D4-6E45E85CC9E9}.Release|Any CPU.Build.0 = Release|Any CPU
		{467329F8-5566-4E6C-9C3E-8873726164A2}.Debug|Any CPU.ActiveCfg = Debug|Any CPU
		{467329F8-5566-4E6C-9C3E-8873726164A2}.Debug|Any CPU.Build.0 = Debug|Any CPU
		{467329F8-5566-4E6C-9C3E-8873726164A2}.Release|Any CPU.ActiveCfg = Release|Any CPU
		{467329F8-5566-4E6C-9C3E-8873726164A2}.Release|Any CPU.Build.0 = Release|Any CPU
	EndGlobalSection
EndGlobal
